Microsoft Visual Studio Solution File, Format Version 12.00
# Visual Studio Version 17.0
#
# xmake version 2.8.6+master.20ed56c0b
#
#   This file is auto generated by xmake.
#
#   Please DO NOT EDIT since all your modification will lost after re-generation.
#   See https://github.com/xmake-io/xmake/pull/472 for more infomation.
#
VisualStudioVersion = 17.0
MinimumVisualStudioVersion = 10.0.40219.1
Project("{8BC9CEB8-8B4A-11D0-8D11-00A0C91BC942}") = "hello", "hello\hello.vcxproj", "{21C64DCD-B459-4131-9EC9-2F45FCF04F73}"
EndProject
Project("{8BC9CEB8-8B4A-11D0-8D11-00A0C91BC942}") = "doctest", "doctest\doctest.vcxproj", "{F1C38E41-5E8C-40C0-8483-92C8141A057F}"
EndProject
Project("{8BC9CEB8-8B4A-11D0-8D11-00A0C91BC942}") = "doctest_shared", "doctest_shared\doctest_shared.vcxproj", "{55AC7B88-0AFB-4438-A9A5-DEDFE32BF7B0}"
EndProject


Project("{2150E333-8FDC-42A3-9474-1A3956D46DE8}") = "Properties", "Properties", "{007754BD-BB1F-452F-A0D8-13EF216C5ED9}"
	ProjectSection(SolutionItems) = preProject
		Xmake.Custom.props = Xmake.Custom.props
		Xmake.Custom.targets = Xmake.Custom.targets
		..\xmake.lua = ..\xmake.lua
	EndProjectSection
EndProject
Global
	GlobalSection(SolutionConfigurationPlatforms) = preSolution
		debug|x64 = debug|x64
		release|x64 = release|x64
	EndGlobalSection
	GlobalSection(ProjectConfigurationPlatforms) = postSolution
		{21C64DCD-B459-4131-9EC9-2F45FCF04F73}.debug|x64.ActiveCfg = debug|x64
		{21C64DCD-B459-4131-9EC9-2F45FCF04F73}.debug|x64.Build.0 = debug|x64
		{F1C38E41-5E8C-40C0-8483-92C8141A057F}.debug|x64.ActiveCfg = debug|x64
		{F1C38E41-5E8C-40C0-8483-92C8141A057F}.debug|x64.Build.0 = debug|x64
		{55AC7B88-0AFB-4438-A9A5-DEDFE32BF7B0}.debug|x64.ActiveCfg = debug|x64
		{55AC7B88-0AFB-4438-A9A5-DEDFE32BF7B0}.debug|x64.Build.0 = debug|x64
		{21C64DCD-B459-4131-9EC9-2F45FCF04F73}.release|x64.ActiveCfg = release|x64
		{21C64DCD-B459-4131-9EC9-2F45FCF04F73}.release|x64.Build.0 = release|x64
		{F1C38E41-5E8C-40C0-8483-92C8141A057F}.release|x64.ActiveCfg = release|x64
		{F1C38E41-5E8C-40C0-8483-92C8141A057F}.release|x64.Build.0 = release|x64
		{55AC7B88-0AFB-4438-A9A5-DEDFE32BF7B0}.release|x64.ActiveCfg = release|x64
		{55AC7B88-0AFB-4438-A9A5-DEDFE32BF7B0}.release|x64.Build.0 = release|x64
	EndGlobalSection
	GlobalSection(SolutionProperties) = preSolution
		HideSolutionNode = FALSE
	EndGlobalSection
	GlobalSection(NestedProjects) = preSolution
	EndGlobalSection
	GlobalSection(ExtensibilityGlobals) = postSolution
		SolutionGuid = {31B319DB-60B1-4B27-AC02-E7F8F714FA23}
	EndGlobalSection
EndGlobal
